
Microsoft Visual Studio Solution File, Format Version 12.00
Project("{FAE04EC0-301F-11D3-BF4B-00C04F79EFBC}") = "Delegate", "Delegate\Delegate.csproj", "{F580845C-75E9-4BDB-974A-AD716DB1CA66}"
EndProject
Global
	GlobalSection(SolutionConfigurationPlatforms) = preSolution
		Debug|Any CPU = Debug|Any CPU
		Release|Any CPU = Release|Any CPU
	EndGlobalSection
	GlobalSection(ProjectConfigurationPlatforms) = postSolution
		{F580845C-75E9-4BDB-974A-AD716DB1CA66}.Debug|Any CPU.ActiveCfg = Debug|Any CPU
		{F580845C-75E9-4BDB-974A-AD716DB1CA66}.Debug|Any CPU.Build.0 = Debug|Any CPU
		{F580845C-75E9-4BDB-974A-AD716DB1CA66}.Release|Any CPU.ActiveCfg = Release|Any CPU
		{F580845C-75E9-4BDB-974A-AD716DB1CA66}.Release|Any CPU.Build.0 = Release|Any CPU
	EndGlobalSection
EndGlobal
